
Microsoft Visual Studio Solution File, Format Version 12.00
# Visual Studio Version 17
VisualStudioVersion = 17.9.34723.18
MinimumVisualStudioVersion = 10.0.40219.1
Project("{FAE04EC0-301F-11D3-BF4B-00C04F79EFBC}") = "UserLoginForm", "UserLoginForm.csproj", "{8306C2D1-ED02-4F42-BCE8-827600B57B45}"
EndProject
Global
	GlobalSection(SolutionConfigurationPlatforms) = preSolution
		Debug|Any CPU = Debug|Any CPU
		Release|Any CPU = Release|Any CPU
	EndGlobalSection
	GlobalSection(ProjectConfigurationPlatforms) = postSolution
		{8306C2D1-ED02-4F42-BCE8-827600B57B45}.Debug|Any CPU.ActiveCfg = Debug|Any CPU
		{8306C2D1-ED02-4F42-BCE8-827600B57B45}.Debug|Any CPU.Build.0 = Debug|Any CPU
		{8306C2D1-ED02-4F42-BCE8-827600B57B45}.Release|Any CPU.ActiveCfg = Release|Any CPU
		{8306C2D1-ED02-4F42-BCE8-827600B57B45}.Release|Any CPU.Build.0 = Release|Any CPU
	EndGlobalSection
	GlobalSection(SolutionProperties) = preSolution
		HideSolutionNode = FALSE
	EndGlobalSection
	GlobalSection(ExtensibilityGlobals) = postSolution
		SolutionGuid = {1F82C4AA-C2B5-42F6-A733-C3225DADB356}
	EndGlobalSection
EndGlobal
